# This file is autogenerated, do not edit; changes may be undone by the next 'dep ensure'.


[[projects]]
  name = "github.com/Sirupsen/logrus"
  packages = ["."]
  revision = "a3f95b5c423586578a4e099b11a46c2479628cac"
  version = "1.0.2"

[[projects]]
  name = "github.com/buaazp/fasthttprouter"
  packages = ["."]
  revision = "ade4e2031af3aed7fffd241084aad80a58faf421"
  version = "v0.1.1"

[[projects]]
  name = "github.com/klauspost/compress"
  packages = ["flate","gzip","zlib"]
  revision = "6c8db69c4b49dd4df1fff66996cf556176d0b9bf"
  version = "v1.2.1"

[[projects]]
  name = "github.com/klauspost/cpuid"
  packages = ["."]
  revision = "ae7887de9fa5d2db4eaa8174a7eff2c1ac00f2da"
  version = "v1.1"

[[projects]]
  name = "github.com/klauspost/crc32"
  packages = ["."]
  revision = "cb6bfca970f6908083f26f39a79009d608efd5cd"
  version = "v1.1"

[[projects]]
  branch = "master"
  name = "github.com/segmentio/ksuid"
  packages = ["."]
  revision = "e3c9952840557adbb3538b1039e783d44c21ae4a"

[[projects]]
  name = "github.com/valyala/fasthttp"
  packages = [".","fasthttputil"]
  revision = "d42167fd04f636e20b005e9934159e95454233c7"
  version = "v20160617"

[[projects]]
  branch = "master"
  name = "golang.org/x/net"
  packages = ["context"]
  revision = "f5079bd7f6f74e23c4d65efa0f4ce14cbd6a3c0f"

[[projects]]
  branch = "master"
  name = "golang.org/x/sys"
  packages = ["unix"]
  revision = "0f826bdd13b500be0f1d4004938ad978fcc6031e"

[solve-meta]
  analyzer-name = "dep"
  analyzer-version = 1
  inputs-digest = "f382ec44cd9395a9ee75df11ce6ff6fffeffdd3b70a270616cc5a0d868cbf53d"
  solver-name = "gps-cdcl"
  solver-version = 1
